{
    "version": 3,
    "terraform_version": "0.11.8",
    "serial": 5,
    "lineage": "d65990d5-5f8c-21b9-1dea-a34cffa22bd9",
    "modules": [
        {
            "path": [
                "root"
            ],
            "outputs": {},
            "resources": {
                "aws_internet_gateway.default": {
                    "type": "aws_internet_gateway",
                    "depends_on": [
                        "aws_vpc.main"
                    ],
                    "primary": {
                        "id": "igw-0997ec7d530dcbd4d",
                        "attributes": {
                            "id": "igw-0997ec7d530dcbd4d",
                            "tags.%": "0",
                            "vpc_id": "vpc-0de7c650e88546db7"
                        },
                        "meta": {},
                        "tainted": false
                    },
                    "deposed": [],
                    "provider": "provider.aws"
                },
                "aws_route.internet_access": {
                    "type": "aws_route",
                    "depends_on": [
                        "aws_internet_gateway.default",
                        "aws_vpc.main"
                    ],
                    "primary": {
                        "id": "r-rtb-037e35d402004867e1080289494",
                        "attributes": {
                            "destination_cidr_block": "0.0.0.0/0",
                            "destination_prefix_list_id": "",
                            "egress_only_gateway_id": "",
                            "gateway_id": "igw-0997ec7d530dcbd4d",
                            "id": "r-rtb-037e35d402004867e1080289494",
                            "instance_id": "",
                            "instance_owner_id": "",
                            "nat_gateway_id": "",
                            "network_interface_id": "",
                            "origin": "CreateRoute",
                            "route_table_id": "rtb-037e35d402004867e",
                            "state": "active",
                            "vpc_peering_connection_id": ""
                        },
                        "meta": {
                            "e2bfb730-ecaa-11e6-8f88-34363bc7c4c0": {
                                "create": 120000000000,
                                "delete": 300000000000
                            }
                        },
                        "tainted": false
                    },
                    "deposed": [],
                    "provider": "provider.aws"
                },
                "aws_route_table.public": {
                    "type": "aws_route_table",
                    "depends_on": [
                        "aws_internet_gateway.default",
                        "aws_vpc.main"
                    ],
                    "primary": {
                        "id": "rtb-063916340aa5e8443",
                        "attributes": {
                            "id": "rtb-063916340aa5e8443",
                            "propagating_vgws.#": "0",
                            "route.#": "1",
                            "route.4282061935.cidr_block": "0.0.0.0/0",
                            "route.4282061935.egress_only_gateway_id": "",
                            "route.4282061935.gateway_id": "igw-0997ec7d530dcbd4d",
                            "route.4282061935.instance_id": "",
                            "route.4282061935.ipv6_cidr_block": "",
                            "route.4282061935.nat_gateway_id": "",
                            "route.4282061935.network_interface_id": "",
                            "route.4282061935.vpc_peering_connection_id": "",
                            "tags.%": "1",
                            "tags.Name": "Public",
                            "vpc_id": "vpc-0de7c650e88546db7"
                        },
                        "meta": {},
                        "tainted": false
                    },
                    "deposed": [],
                    "provider": "provider.aws"
                },
                "aws_subnet.public_subnet": {
                    "type": "aws_subnet",
                    "depends_on": [
                        "aws_vpc.main"
                    ],
                    "primary": {
                        "id": "subnet-0e87156f2b2dd9b61",
                        "attributes": {
                            "arn": "arn:aws:ec2:us-east-1:884007744260:subnet/subnet-0e87156f2b2dd9b61",
                            "assign_ipv6_address_on_creation": "false",
                            "availability_zone": "us-east-1c",
                            "cidr_block": "10.10.1.0/24",
                            "id": "subnet-0e87156f2b2dd9b61",
                            "map_public_ip_on_launch": "true",
                            "tags.%": "0",
                            "vpc_id": "vpc-0de7c650e88546db7"
                        },
                        "meta": {
                            "e2bfb730-ecaa-11e6-8f88-34363bc7c4c0": {
                                "create": 600000000000,
                                "delete": 600000000000
                            },
                            "schema_version": "1"
                        },
                        "tainted": false
                    },
                    "deposed": [],
                    "provider": "provider.aws"
                },
                "aws_vpc.main": {
                    "type": "aws_vpc",
                    "depends_on": [],
                    "primary": {
                        "id": "vpc-0de7c650e88546db7",
                        "attributes": {
                            "arn": "arn:aws:ec2:us-east-1:884007744260:vpc/vpc-0de7c650e88546db7",
                            "assign_generated_ipv6_cidr_block": "false",
                            "cidr_block": "10.10.0.0/16",
                            "default_network_acl_id": "acl-01fa51e7552f6efbc",
                            "default_route_table_id": "rtb-037e35d402004867e",
                            "default_security_group_id": "sg-029f85b6b21ea2470",
                            "dhcp_options_id": "dopt-9509f9ec",
                            "enable_classiclink": "false",
                            "enable_classiclink_dns_support": "false",
                            "enable_dns_hostnames": "false",
                            "enable_dns_support": "true",
                            "id": "vpc-0de7c650e88546db7",
                            "instance_tenancy": "default",
                            "main_route_table_id": "rtb-037e35d402004867e",
                            "tags.%": "0"
                        },
                        "meta": {
                            "schema_version": "1"
                        },
                        "tainted": false
                    },
                    "deposed": [],
                    "provider": "provider.aws"
                }
            },
            "depends_on": []
        }
    ]
}
