{
    "version": 3,
    "terraform_version": "0.11.8",
    "serial": 16,
    "lineage": "d65990d5-5f8c-21b9-1dea-a34cffa22bd9",
    "modules": [
        {
            "path": [
                "root"
            ],
            "outputs": {},
            "resources": {
                "aws_eip.nat": {
                    "type": "aws_eip",
                    "depends_on": [],
                    "primary": {
                        "id": "eipalloc-075cd31329e594fe0",
                        "attributes": {
                            "association_id": "eipassoc-74a518b9",
                            "domain": "vpc",
                            "id": "eipalloc-075cd31329e594fe0",
                            "instance": "",
                            "network_interface": "eni-04c9f9ab791d3b79a",
                            "private_ip": "10.10.2.126",
                            "public_ip": "35.175.74.117",
                            "tags.%": "1",
                            "tags.Name": "gw NAT",
                            "vpc": "true"
                        },
                        "meta": {
                            "e2bfb730-ecaa-11e6-8f88-34363bc7c4c0": {
                                "delete": 180000000000,
                                "read": 900000000000,
                                "update": 300000000000
                            }
                        },
                        "tainted": false
                    },
                    "deposed": [],
                    "provider": "provider.aws"
                },
                "aws_internet_gateway.default": {
                    "type": "aws_internet_gateway",
                    "depends_on": [
                        "aws_vpc.main"
                    ],
                    "primary": {
                        "id": "igw-0f60013a98818f222",
                        "attributes": {
                            "id": "igw-0f60013a98818f222",
                            "tags.%": "0",
                            "vpc_id": "vpc-0a3e0578714f6fdf6"
                        },
                        "meta": {},
                        "tainted": false
                    },
                    "deposed": [],
                    "provider": "provider.aws"
                },
                "aws_nat_gateway.nat": {
                    "type": "aws_nat_gateway",
                    "depends_on": [
                        "aws_eip.nat",
                        "aws_subnet.private_subnet"
                    ],
                    "primary": {
                        "id": "nat-0f85116881c9df771",
                        "attributes": {
                            "allocation_id": "eipalloc-075cd31329e594fe0",
                            "id": "nat-0f85116881c9df771",
                            "network_interface_id": "eni-04c9f9ab791d3b79a",
                            "private_ip": "10.10.2.126",
                            "public_ip": "35.175.74.117",
                            "subnet_id": "subnet-0e3b632cabdb9f058",
                            "tags.%": "0"
                        },
                        "meta": {},
                        "tainted": false
                    },
                    "deposed": [],
                    "provider": "provider.aws"
                },
                "aws_route_table.private_route": {
                    "type": "aws_route_table",
                    "depends_on": [
                        "aws_nat_gateway.nat",
                        "aws_vpc.main"
                    ],
                    "primary": {
                        "id": "rtb-08f4c796d764023e6",
                        "attributes": {
                            "id": "rtb-08f4c796d764023e6",
                            "propagating_vgws.#": "0",
                            "route.#": "1",
                            "route.1262243268.cidr_block": "0.0.0.0/0",
                            "route.1262243268.egress_only_gateway_id": "",
                            "route.1262243268.gateway_id": "",
                            "route.1262243268.instance_id": "",
                            "route.1262243268.ipv6_cidr_block": "",
                            "route.1262243268.nat_gateway_id": "nat-0f85116881c9df771",
                            "route.1262243268.network_interface_id": "",
                            "route.1262243268.vpc_peering_connection_id": "",
                            "tags.%": "1",
                            "tags.Name": "Private Route Table",
                            "vpc_id": "vpc-0a3e0578714f6fdf6"
                        },
                        "meta": {},
                        "tainted": false
                    },
                    "deposed": [],
                    "provider": "provider.aws"
                },
                "aws_route_table.public": {
                    "type": "aws_route_table",
                    "depends_on": [
                        "aws_internet_gateway.default",
                        "aws_vpc.main"
                    ],
                    "primary": {
                        "id": "rtb-083b95efb579a4b42",
                        "attributes": {
                            "id": "rtb-083b95efb579a4b42",
                            "propagating_vgws.#": "0",
                            "route.#": "1",
                            "route.878891066.cidr_block": "0.0.0.0/0",
                            "route.878891066.egress_only_gateway_id": "",
                            "route.878891066.gateway_id": "igw-0f60013a98818f222",
                            "route.878891066.instance_id": "",
                            "route.878891066.ipv6_cidr_block": "",
                            "route.878891066.nat_gateway_id": "",
                            "route.878891066.network_interface_id": "",
                            "route.878891066.vpc_peering_connection_id": "",
                            "tags.%": "1",
                            "tags.Name": "Public Route Table",
                            "vpc_id": "vpc-0a3e0578714f6fdf6"
                        },
                        "meta": {},
                        "tainted": false
                    },
                    "deposed": [],
                    "provider": "provider.aws"
                },
                "aws_route_table_association.private": {
                    "type": "aws_route_table_association",
                    "depends_on": [
                        "aws_route_table.private_route",
                        "aws_subnet.private_subnet"
                    ],
                    "primary": {
                        "id": "rtbassoc-046f4ca5697289ea2",
                        "attributes": {
                            "id": "rtbassoc-046f4ca5697289ea2",
                            "route_table_id": "rtb-08f4c796d764023e6",
                            "subnet_id": "subnet-0e3b632cabdb9f058"
                        },
                        "meta": {},
                        "tainted": false
                    },
                    "deposed": [],
                    "provider": "provider.aws"
                },
                "aws_route_table_association.public": {
                    "type": "aws_route_table_association",
                    "depends_on": [
                        "aws_route_table.public",
                        "aws_subnet.public_subnet"
                    ],
                    "primary": {
                        "id": "rtbassoc-04d8cda8c685a5178",
                        "attributes": {
                            "id": "rtbassoc-04d8cda8c685a5178",
                            "route_table_id": "rtb-083b95efb579a4b42",
                            "subnet_id": "subnet-0ac2f532eab4d5ce6"
                        },
                        "meta": {},
                        "tainted": false
                    },
                    "deposed": [],
                    "provider": "provider.aws"
                },
                "aws_subnet.private_subnet": {
                    "type": "aws_subnet",
                    "depends_on": [
                        "aws_vpc.main"
                    ],
                    "primary": {
                        "id": "subnet-0e3b632cabdb9f058",
                        "attributes": {
                            "arn": "arn:aws:ec2:us-east-1:884007744260:subnet/subnet-0e3b632cabdb9f058",
                            "assign_ipv6_address_on_creation": "false",
                            "availability_zone": "us-east-1e",
                            "cidr_block": "10.10.2.0/24",
                            "id": "subnet-0e3b632cabdb9f058",
                            "map_public_ip_on_launch": "false",
                            "tags.%": "1",
                            "tags.Name": "Private_Subnet",
                            "vpc_id": "vpc-0a3e0578714f6fdf6"
                        },
                        "meta": {
                            "e2bfb730-ecaa-11e6-8f88-34363bc7c4c0": {
                                "create": 600000000000,
                                "delete": 600000000000
                            },
                            "schema_version": "1"
                        },
                        "tainted": false
                    },
                    "deposed": [],
                    "provider": "provider.aws"
                },
                "aws_subnet.public_subnet": {
                    "type": "aws_subnet",
                    "depends_on": [
                        "aws_vpc.main"
                    ],
                    "primary": {
                        "id": "subnet-0ac2f532eab4d5ce6",
                        "attributes": {
                            "arn": "arn:aws:ec2:us-east-1:884007744260:subnet/subnet-0ac2f532eab4d5ce6",
                            "assign_ipv6_address_on_creation": "false",
                            "availability_zone": "us-east-1e",
                            "cidr_block": "10.10.1.0/24",
                            "id": "subnet-0ac2f532eab4d5ce6",
                            "map_public_ip_on_launch": "true",
                            "tags.%": "1",
                            "tags.Name": "Public_Subnet",
                            "vpc_id": "vpc-0a3e0578714f6fdf6"
                        },
                        "meta": {
                            "e2bfb730-ecaa-11e6-8f88-34363bc7c4c0": {
                                "create": 600000000000,
                                "delete": 600000000000
                            },
                            "schema_version": "1"
                        },
                        "tainted": false
                    },
                    "deposed": [],
                    "provider": "provider.aws"
                },
                "aws_vpc.main": {
                    "type": "aws_vpc",
                    "depends_on": [],
                    "primary": {
                        "id": "vpc-0a3e0578714f6fdf6",
                        "attributes": {
                            "arn": "arn:aws:ec2:us-east-1:884007744260:vpc/vpc-0a3e0578714f6fdf6",
                            "assign_generated_ipv6_cidr_block": "false",
                            "cidr_block": "10.10.0.0/16",
                            "default_network_acl_id": "acl-01bcb0283c13dfb88",
                            "default_route_table_id": "rtb-05e6a7a83e968884c",
                            "default_security_group_id": "sg-012f155087fb0f14f",
                            "dhcp_options_id": "dopt-9509f9ec",
                            "enable_classiclink": "false",
                            "enable_classiclink_dns_support": "false",
                            "enable_dns_hostnames": "false",
                            "enable_dns_support": "true",
                            "id": "vpc-0a3e0578714f6fdf6",
                            "instance_tenancy": "default",
                            "main_route_table_id": "rtb-05e6a7a83e968884c",
                            "tags.%": "1",
                            "tags.Name": "Terraform VPC"
                        },
                        "meta": {
                            "schema_version": "1"
                        },
                        "tainted": false
                    },
                    "deposed": [],
                    "provider": "provider.aws"
                }
            },
            "depends_on": []
        }
    ]
}
