{
    "version": 3,
    "terraform_version": "0.11.8",
    "serial": 18,
    "lineage": "d65990d5-5f8c-21b9-1dea-a34cffa22bd9",
    "modules": [
        {
            "path": [
                "root"
            ],
            "outputs": {},
            "resources": {
                "aws_eip.nat": {
                    "type": "aws_eip",
                    "depends_on": [],
                    "primary": {
                        "id": "eipalloc-07d869ae6b9d98a2c",
                        "attributes": {
                            "association_id": "",
                            "domain": "vpc",
                            "id": "eipalloc-07d869ae6b9d98a2c",
                            "instance": "",
                            "network_interface": "",
                            "private_ip": "",
                            "public_ip": "52.4.223.180",
                            "tags.%": "1",
                            "tags.Name": "gw_NAT",
                            "vpc": "true"
                        },
                        "meta": {
                            "e2bfb730-ecaa-11e6-8f88-34363bc7c4c0": {
                                "delete": 180000000000,
                                "read": 900000000000,
                                "update": 300000000000
                            }
                        },
                        "tainted": false
                    },
                    "deposed": [],
                    "provider": "provider.aws"
                },
                "aws_instance.Web": {
                    "type": "aws_instance",
                    "depends_on": [
                        "aws_key_pair.key",
                        "aws_security_group.Web",
                        "aws_subnet.public_subnet"
                    ],
                    "primary": {
                        "id": "i-0913dbf7aba6d66ea",
                        "attributes": {
                            "ami": "ami-06b5810be11add0e2",
                            "arn": "arn:aws:ec2:us-east-1:884007744260:instance/i-0913dbf7aba6d66ea",
                            "associate_public_ip_address": "true",
                            "availability_zone": "us-east-1a",
                            "cpu_core_count": "1",
                            "cpu_threads_per_core": "1",
                            "credit_specification.#": "1",
                            "credit_specification.0.cpu_credits": "standard",
                            "disable_api_termination": "false",
                            "ebs_block_device.#": "0",
                            "ebs_optimized": "false",
                            "ephemeral_block_device.#": "0",
                            "get_password_data": "false",
                            "iam_instance_profile": "",
                            "id": "i-0913dbf7aba6d66ea",
                            "instance_state": "running",
                            "instance_type": "t2.micro",
                            "ipv6_addresses.#": "0",
                            "key_name": "Terrafrom_key",
                            "monitoring": "false",
                            "network_interface.#": "0",
                            "network_interface_id": "eni-0f4130f00146d9c46",
                            "password_data": "",
                            "placement_group": "",
                            "primary_network_interface_id": "eni-0f4130f00146d9c46",
                            "private_dns": "ip-10-10-1-157.ec2.internal",
                            "private_ip": "10.10.1.157",
                            "public_dns": "",
                            "public_ip": "34.230.82.72",
                            "root_block_device.#": "1",
                            "root_block_device.0.delete_on_termination": "true",
                            "root_block_device.0.iops": "100",
                            "root_block_device.0.volume_id": "vol-09ecb76bd371f206d",
                            "root_block_device.0.volume_size": "8",
                            "root_block_device.0.volume_type": "gp2",
                            "security_groups.#": "0",
                            "source_dest_check": "true",
                            "subnet_id": "subnet-057e1c75c065a2d7d",
                            "tags.%": "1",
                            "tags.Name": "WEB",
                            "tenancy": "default",
                            "volume_tags.%": "0",
                            "vpc_security_group_ids.#": "1",
                            "vpc_security_group_ids.1364791884": "sg-0067ad7ecb15ee3ae"
                        },
                        "meta": {
                            "e2bfb730-ecaa-11e6-8f88-34363bc7c4c0": {
                                "create": 600000000000,
                                "delete": 1200000000000,
                                "update": 600000000000
                            },
                            "schema_version": "1"
                        },
                        "tainted": false
                    },
                    "deposed": [],
                    "provider": "provider.aws"
                },
                "aws_internet_gateway.default": {
                    "type": "aws_internet_gateway",
                    "depends_on": [
                        "aws_vpc.main"
                    ],
                    "primary": {
                        "id": "igw-00caa413d35dc0d75",
                        "attributes": {
                            "id": "igw-00caa413d35dc0d75",
                            "vpc_id": "vpc-00fc775bd117b2f4f"
                        },
                        "meta": {},
                        "tainted": false
                    },
                    "deposed": [],
                    "provider": "provider.aws"
                },
                "aws_key_pair.key": {
                    "type": "aws_key_pair",
                    "depends_on": [],
                    "primary": {
                        "id": "Terrafrom_key",
                        "attributes": {
                            "fingerprint": "ac:8d:7c:22:ce:fe:60:51:b6:54:90:0b:b8:96:1b:ff",
                            "id": "Terrafrom_key",
                            "key_name": "Terrafrom_key",
                            "public_key": "ssh-rsa AAAAB3NzaC1yc2EAAAADAQABAAABAQCyH8U8feTiaRd8fk776rkZGqs8VJCF3wvMyJA+x4g9GUNuxEg4X8jkxPbhSrLbEfyDVcyp/rJvAs6PFffzbSUnJ7drunHI0VESrxbnoUY6b0mV+cFqa8A1zCr9Gu8CIXOL6H0TC2LoO1zsAnjLA+C9atDprp0RuPlbT6OOqE59HxHpB/WLRi+L5ORa4sdeaHonISAai/WxGnYCZw3jbFluoSnVAR4oOqRDqZilVnDY6LPIHnKpxHx4ee3nGfprrAkv1/TRlsBoRbGZdQZkgJu6gLXlGCQjTZaEiI2wqvJGjsk0pDhE2jVpLDwuwm9hI/doao/+2rCS2zuPfq2Hzfqt imported-openssh-key"
                        },
                        "meta": {
                            "schema_version": "1"
                        },
                        "tainted": false
                    },
                    "deposed": [],
                    "provider": "provider.aws"
                },
                "aws_nat_gateway.nat": {
                    "type": "aws_nat_gateway",
                    "depends_on": [
                        "aws_eip.nat",
                        "aws_subnet.private_subnet"
                    ],
                    "primary": {
                        "id": "nat-05fb685b22b7899bf",
                        "attributes": {
                            "allocation_id": "eipalloc-07d869ae6b9d98a2c",
                            "id": "nat-05fb685b22b7899bf",
                            "network_interface_id": "eni-0d2e93faa3229789d",
                            "private_ip": "10.10.2.237",
                            "public_ip": "52.4.223.180",
                            "subnet_id": "subnet-054ff858138dec0c3",
                            "tags.%": "0"
                        },
                        "meta": {},
                        "tainted": false
                    },
                    "deposed": [],
                    "provider": "provider.aws"
                },
                "aws_route_table.private_route": {
                    "type": "aws_route_table",
                    "depends_on": [
                        "aws_nat_gateway.nat",
                        "aws_vpc.main"
                    ],
                    "primary": {
                        "id": "rtb-06d3c8912340ac0e8",
                        "attributes": {
                            "id": "rtb-06d3c8912340ac0e8",
                            "propagating_vgws.#": "0",
                            "route.#": "1",
                            "route.2323344929.cidr_block": "0.0.0.0/0",
                            "route.2323344929.egress_only_gateway_id": "",
                            "route.2323344929.gateway_id": "",
                            "route.2323344929.instance_id": "",
                            "route.2323344929.ipv6_cidr_block": "",
                            "route.2323344929.nat_gateway_id": "nat-05fb685b22b7899bf",
                            "route.2323344929.network_interface_id": "",
                            "route.2323344929.vpc_peering_connection_id": "",
                            "tags.%": "1",
                            "tags.Name": "Private_Route_Table",
                            "vpc_id": "vpc-00fc775bd117b2f4f"
                        },
                        "meta": {},
                        "tainted": false
                    },
                    "deposed": [],
                    "provider": "provider.aws"
                },
                "aws_route_table.public": {
                    "type": "aws_route_table",
                    "depends_on": [
                        "aws_internet_gateway.default",
                        "aws_vpc.main"
                    ],
                    "primary": {
                        "id": "rtb-0c13668ae4e00d216",
                        "attributes": {
                            "id": "rtb-0c13668ae4e00d216",
                            "propagating_vgws.#": "0",
                            "route.#": "1",
                            "route.3959620836.cidr_block": "0.0.0.0/0",
                            "route.3959620836.egress_only_gateway_id": "",
                            "route.3959620836.gateway_id": "igw-00caa413d35dc0d75",
                            "route.3959620836.instance_id": "",
                            "route.3959620836.ipv6_cidr_block": "",
                            "route.3959620836.nat_gateway_id": "",
                            "route.3959620836.network_interface_id": "",
                            "route.3959620836.vpc_peering_connection_id": "",
                            "tags.%": "1",
                            "tags.Name": "Public_Route_Table",
                            "vpc_id": "vpc-00fc775bd117b2f4f"
                        },
                        "meta": {},
                        "tainted": false
                    },
                    "deposed": [],
                    "provider": "provider.aws"
                },
                "aws_route_table_association.private": {
                    "type": "aws_route_table_association",
                    "depends_on": [
                        "aws_route_table.private_route",
                        "aws_subnet.private_subnet"
                    ],
                    "primary": {
                        "id": "rtbassoc-051c4315f6775fdc8",
                        "attributes": {
                            "id": "rtbassoc-051c4315f6775fdc8",
                            "route_table_id": "rtb-06d3c8912340ac0e8",
                            "subnet_id": "subnet-054ff858138dec0c3"
                        },
                        "meta": {},
                        "tainted": false
                    },
                    "deposed": [],
                    "provider": "provider.aws"
                },
                "aws_route_table_association.public": {
                    "type": "aws_route_table_association",
                    "depends_on": [
                        "aws_route_table.public",
                        "aws_subnet.public_subnet"
                    ],
                    "primary": {
                        "id": "rtbassoc-07808a83749655832",
                        "attributes": {
                            "id": "rtbassoc-07808a83749655832",
                            "route_table_id": "rtb-0c13668ae4e00d216",
                            "subnet_id": "subnet-057e1c75c065a2d7d"
                        },
                        "meta": {},
                        "tainted": false
                    },
                    "deposed": [],
                    "provider": "provider.aws"
                },
                "aws_security_group.Web": {
                    "type": "aws_security_group",
                    "depends_on": [
                        "aws_vpc.main"
                    ],
                    "primary": {
                        "id": "sg-0067ad7ecb15ee3ae",
                        "attributes": {
                            "arn": "arn:aws:ec2:us-east-1:884007744260:security-group/sg-0067ad7ecb15ee3ae",
                            "description": "Managed by Terraform",
                            "egress.#": "0",
                            "id": "sg-0067ad7ecb15ee3ae",
                            "ingress.#": "2",
                            "ingress.2214680975.cidr_blocks.#": "1",
                            "ingress.2214680975.cidr_blocks.0": "0.0.0.0/0",
                            "ingress.2214680975.description": "",
                            "ingress.2214680975.from_port": "80",
                            "ingress.2214680975.ipv6_cidr_blocks.#": "0",
                            "ingress.2214680975.prefix_list_ids.#": "0",
                            "ingress.2214680975.protocol": "tcp",
                            "ingress.2214680975.security_groups.#": "0",
                            "ingress.2214680975.self": "false",
                            "ingress.2214680975.to_port": "80",
                            "ingress.2541437006.cidr_blocks.#": "1",
                            "ingress.2541437006.cidr_blocks.0": "0.0.0.0/0",
                            "ingress.2541437006.description": "",
                            "ingress.2541437006.from_port": "22",
                            "ingress.2541437006.ipv6_cidr_blocks.#": "0",
                            "ingress.2541437006.prefix_list_ids.#": "0",
                            "ingress.2541437006.protocol": "tcp",
                            "ingress.2541437006.security_groups.#": "0",
                            "ingress.2541437006.self": "false",
                            "ingress.2541437006.to_port": "22",
                            "name": "Web Security Group",
                            "owner_id": "884007744260",
                            "revoke_rules_on_delete": "false",
                            "tags.%": "1",
                            "tags.Name": "WEB SG",
                            "vpc_id": "vpc-00fc775bd117b2f4f"
                        },
                        "meta": {
                            "e2bfb730-ecaa-11e6-8f88-34363bc7c4c0": {
                                "create": 600000000000,
                                "delete": 600000000000
                            },
                            "schema_version": "1"
                        },
                        "tainted": false
                    },
                    "deposed": [],
                    "provider": "provider.aws"
                },
                "aws_subnet.private_subnet": {
                    "type": "aws_subnet",
                    "depends_on": [
                        "aws_vpc.main"
                    ],
                    "primary": {
                        "id": "subnet-054ff858138dec0c3",
                        "attributes": {
                            "arn": "arn:aws:ec2:us-east-1:884007744260:subnet/subnet-054ff858138dec0c3",
                            "assign_ipv6_address_on_creation": "false",
                            "availability_zone": "us-east-1d",
                            "cidr_block": "10.10.2.0/24",
                            "id": "subnet-054ff858138dec0c3",
                            "map_public_ip_on_launch": "false",
                            "tags.%": "1",
                            "tags.Name": "Private_Subnet",
                            "vpc_id": "vpc-00fc775bd117b2f4f"
                        },
                        "meta": {
                            "e2bfb730-ecaa-11e6-8f88-34363bc7c4c0": {
                                "create": 600000000000,
                                "delete": 600000000000
                            },
                            "schema_version": "1"
                        },
                        "tainted": false
                    },
                    "deposed": [],
                    "provider": "provider.aws"
                },
                "aws_subnet.public_subnet": {
                    "type": "aws_subnet",
                    "depends_on": [
                        "aws_vpc.main"
                    ],
                    "primary": {
                        "id": "subnet-057e1c75c065a2d7d",
                        "attributes": {
                            "arn": "arn:aws:ec2:us-east-1:884007744260:subnet/subnet-057e1c75c065a2d7d",
                            "assign_ipv6_address_on_creation": "false",
                            "availability_zone": "us-east-1a",
                            "cidr_block": "10.10.1.0/24",
                            "id": "subnet-057e1c75c065a2d7d",
                            "map_public_ip_on_launch": "true",
                            "tags.%": "1",
                            "tags.Name": "Public_Subnet",
                            "vpc_id": "vpc-00fc775bd117b2f4f"
                        },
                        "meta": {
                            "e2bfb730-ecaa-11e6-8f88-34363bc7c4c0": {
                                "create": 600000000000,
                                "delete": 600000000000
                            },
                            "schema_version": "1"
                        },
                        "tainted": false
                    },
                    "deposed": [],
                    "provider": "provider.aws"
                },
                "aws_vpc.main": {
                    "type": "aws_vpc",
                    "depends_on": [],
                    "primary": {
                        "id": "vpc-00fc775bd117b2f4f",
                        "attributes": {
                            "arn": "arn:aws:ec2:us-east-1:884007744260:vpc/vpc-00fc775bd117b2f4f",
                            "assign_generated_ipv6_cidr_block": "false",
                            "cidr_block": "10.10.0.0/16",
                            "default_network_acl_id": "acl-018645b4569ad640b",
                            "default_route_table_id": "rtb-0d7244bb58dee0a4a",
                            "default_security_group_id": "sg-0fb12aa80a916c4e9",
                            "dhcp_options_id": "dopt-9509f9ec",
                            "enable_classiclink": "false",
                            "enable_classiclink_dns_support": "false",
                            "enable_dns_hostnames": "false",
                            "enable_dns_support": "true",
                            "id": "vpc-00fc775bd117b2f4f",
                            "instance_tenancy": "default",
                            "main_route_table_id": "rtb-0d7244bb58dee0a4a",
                            "tags.%": "1",
                            "tags.Name": "Terraform VPC"
                        },
                        "meta": {
                            "schema_version": "1"
                        },
                        "tainted": false
                    },
                    "deposed": [],
                    "provider": "provider.aws"
                }
            },
            "depends_on": []
        }
    ]
}
